// !$*UTF8*$!
{
	archiveVersion = 1;
	classes = {
	};
	objectVersion = 56;
	objects = {

/* Begin PBXBuildFile section */
		9F769CAD2A183E1B0053AD97 /* VisionTestApp.swift in Sources */ = {isa = PBXBuildFile; fileRef = 9F769CAC2A183E1B0053AD97 /* VisionTestApp.swift */; };
		9F769CAF2A183E1B0053AD97 /* ContentView.swift in Sources */ = {isa = PBXBuildFile; fileRef = 9F769CAE2A183E1B0053AD97 /* ContentView.swift */; };
		9F769CB12A183E1D0053AD97 /* Assets.xcassets in Resources */ = {isa = PBXBuildFile; fileRef = 9F769CB02A183E1D0053AD97 /* Assets.xcassets */; };
		9F769CB42A183E1D0053AD97 /* Preview Assets.xcassets in Resources */ = {isa = PBXBuildFile; fileRef = 9F769CB32A183E1D0053AD97 /* Preview Assets.xcassets */; };
		9F769CBC2A18458A0053AD97 /* AppViewModel.swift in Sources */ = {isa = PBXBuildFile; fileRef = 9F769CBB2A18458A0053AD97 /* AppViewModel.swift */; };
		9FCFCBC22A5C69EC00D81828 /* DataStore.swift in Sources */ = {isa = PBXBuildFile; fileRef = 9FCFCBC12A5C69EC00D81828 /* DataStore.swift */; };
		9FCFCBC42A5C6A1700D81828 /* StoredItem.swift in Sources */ = {isa = PBXBuildFile; fileRef = 9FCFCBC32A5C6A1700D81828 /* StoredItem.swift */; };
		9FCFCBC62A5C6A3200D81828 /* TransientItem.swift in Sources */ = {isa = PBXBuildFile; fileRef = 9FCFCBC52A5C6A3200D81828 /* TransientItem.swift */; };
		9FD7D9142A30D7D00087220B /* DataScannerView.swift in Sources */ = {isa = PBXBuildFile; fileRef = 9FD7D9132A30D7D00087220B /* DataScannerView.swift */; };
/* End PBXBuildFile section */

/* Begin PBXFileReference section */
		9F769CA92A183E1B0053AD97 /* VisionTest.app */ = {isa = PBXFileReference; explicitFileType = wrapper.application; includeInIndex = 0; path = VisionTest.app; sourceTree = BUILT_PRODUCTS_DIR; };
		9F769CAC2A183E1B0053AD97 /* VisionTestApp.swift */ = {isa = PBXFileReference; lastKnownFileType = sourcecode.swift; path = VisionTestApp.swift; sourceTree = "<group>"; };
		9F769CAE2A183E1B0053AD97 /* ContentView.swift */ = {isa = PBXFileReference; lastKnownFileType = sourcecode.swift; path = ContentView.swift; sourceTree = "<group>"; };
		9F769CB02A183E1D0053AD97 /* Assets.xcassets */ = {isa = PBXFileReference; lastKnownFileType = folder.assetcatalog; path = Assets.xcassets; sourceTree = "<group>"; };
		9F769CB32A183E1D0053AD97 /* Preview Assets.xcassets */ = {isa = PBXFileReference; lastKnownFileType = folder.assetcatalog; path = "Preview Assets.xcassets"; sourceTree = "<group>"; };
		9F769CBA2A1845500053AD97 /* Info.plist */ = {isa = PBXFileReference; lastKnownFileType = text.plist; path = Info.plist; sourceTree = "<group>"; };
		9F769CBB2A18458A0053AD97 /* AppViewModel.swift */ = {isa = PBXFileReference; lastKnownFileType = sourcecode.swift; path = AppViewModel.swift; sourceTree = "<group>"; };
		9FCFCBC12A5C69EC00D81828 /* DataStore.swift */ = {isa = PBXFileReference; lastKnownFileType = sourcecode.swift; path = DataStore.swift; sourceTree = "<group>"; };
		9FCFCBC32A5C6A1700D81828 /* StoredItem.swift */ = {isa = PBXFileReference; lastKnownFileType = sourcecode.swift; path = StoredItem.swift; sourceTree = "<group>"; };
		9FCFCBC52A5C6A3200D81828 /* TransientItem.swift */ = {isa = PBXFileReference; lastKnownFileType = sourcecode.swift; path = TransientItem.swift; sourceTree = "<group>"; };
		9FD7D9132A30D7D00087220B /* DataScannerView.swift */ = {isa = PBXFileReference; lastKnownFileType = sourcecode.swift; path = DataScannerView.swift; sourceTree = "<group>"; };
/* End PBXFileReference section */

/* Begin PBXFrameworksBuildPhase section */
		9F769CA62A183E1B0053AD97 /* Frameworks */ = {
			isa = PBXFrameworksBuildPhase;
			buildActionMask = 2147483647;
			files = (
			);
			runOnlyForDeploymentPostprocessing = 0;
		};
/* End PBXFrameworksBuildPhase section */

/* Begin PBXGroup section */
		9F769CA02A183E1B0053AD97 = {
			isa = PBXGroup;
			children = (
				9F769CAB2A183E1B0053AD97 /* VisionTest */,
				9F769CAA2A183E1B0053AD97 /* Products */,
			);
			sourceTree = "<group>";
		};
		9F769CAA2A183E1B0053AD97 /* Products */ = {
			isa = PBXGroup;
			children = (
				9F769CA92A183E1B0053AD97 /* VisionTest.app */,
			);
			name = Products;
			sourceTree = "<group>";
		};
		9F769CAB2A183E1B0053AD97 /* VisionTest */ = {
			isa = PBXGroup;
			children = (
				9F769CBA2A1845500053AD97 /* Info.plist */,
				9F769CAC2A183E1B0053AD97 /* VisionTestApp.swift */,
				9F769CAE2A183E1B0053AD97 /* ContentView.swift */,
				9FD7D9132A30D7D00087220B /* DataScannerView.swift */,
				9FCFCBC02A5C68BB00D81828 /* Model */,
				9F769CB02A183E1D0053AD97 /* Assets.xcassets */,
				9F769CB22A183E1D0053AD97 /* Preview Content */,
			);
			path = VisionTest;
			sourceTree = "<group>";
		};
		9F769CB22A183E1D0053AD97 /* Preview Content */ = {
			isa = PBXGroup;
			children = (
				9F769CB32A183E1D0053AD97 /* Preview Assets.xcassets */,
			);
			path = "Preview Content";
			sourceTree = "<group>";
		};
		9FCFCBC02A5C68BB00D81828 /* Model */ = {
			isa = PBXGroup;
			children = (
				9F769CBB2A18458A0053AD97 /* AppViewModel.swift */,
				9FCFCBC12A5C69EC00D81828 /* DataStore.swift */,
				9FCFCBC52A5C6A3200D81828 /* TransientItem.swift */,
				9FCFCBC32A5C6A1700D81828 /* StoredItem.swift */,
			);
			path = Model;
			sourceTree = "<group>";
		};
/* End PBXGroup section */

/* Begin PBXNativeTarget section */
		9F769CA82A183E1B0053AD97 /* VisionTest */ = {
			isa = PBXNativeTarget;
			buildConfigurationList = 9F769CB72A183E1D0053AD97 /* Build configuration list for PBXNativeTarget "VisionTest" */;
			buildPhases = (
				9F769CA52A183E1B0053AD97 /* Sources */,
				9F769CA62A183E1B0053AD97 /* Frameworks */,
				9F769CA72A183E1B0053AD97 /* Resources */,
			);
			buildRules = (
			);
			dependencies = (
			);
			name = VisionTest;
			productName = VisionTest;
			productReference = 9F769CA92A183E1B0053AD97 /* VisionTest.app */;
			productType = "com.apple.product-type.application";
		};
/* End PBXNativeTarget section */

/* Begin PBXProject section */
		9F769CA12A183E1B0053AD97 /* Project object */ = {
			isa = PBXProject;
			attributes = {
				BuildIndependentTargetsInParallel = 1;
				LastSwiftUpdateCheck = 1430;
				LastUpgradeCheck = 1430;
				TargetAttributes = {
					9F769CA82A183E1B0053AD97 = {
						CreatedOnToolsVersion = 14.3;
					};
				};
			};
			buildConfigurationList = 9F769CA42A183E1B0053AD97 /* Build configuration list for PBXProject "VisionTest" */;
			compatibilityVersion = "Xcode 14.0";
			developmentRegion = en;
			hasScannedForEncodings = 0;
			knownRegions = (
				en,
				Base,
			);
			mainGroup = 9F769CA02A183E1B0053AD97;
			productRefGroup = 9F769CAA2A183E1B0053AD97 /* Products */;
			projectDirPath = "";
			projectRoot = "";
			targets = (
				9F769CA82A183E1B0053AD97 /* VisionTest */,
			);
		};
/* End PBXProject section */

/* Begin PBXResourcesBuildPhase section */
		9F769CA72A183E1B0053AD97 /* Resources */ = {
			isa = PBXResourcesBuildPhase;
			buildActionMask = 2147483647;
			files = (
				9F769CB42A183E1D0053AD97 /* Preview Assets.xcassets in Resources */,
				9F769CB12A183E1D0053AD97 /* Assets.xcassets in Resources */,
			);
			runOnlyForDeploymentPostprocessing = 0;
		};
/* End PBXResourcesBuildPhase section */

/* Begin PBXSourcesBuildPhase section */
		9F769CA52A183E1B0053AD97 /* Sources */ = {
			isa = PBXSourcesBuildPhase;
			buildActionMask = 2147483647;
			files = (
				9F769CAF2A183E1B0053AD97 /* ContentView.swift in Sources */,
				9FCFCBC22A5C69EC00D81828 /* DataStore.swift in Sources */,
				9F769CAD2A183E1B0053AD97 /* VisionTestApp.swift in Sources */,
				9FCFCBC42A5C6A1700D81828 /* StoredItem.swift in Sources */,
				9FCFCBC62A5C6A3200D81828 /* TransientItem.swift in Sources */,
				9F769CBC2A18458A0053AD97 /* AppViewModel.swift in Sources */,
				9FD7D9142A30D7D00087220B /* DataScannerView.swift in Sources */,
			);
			runOnlyForDeploymentPostprocessing = 0;
		};
/* End PBXSourcesBuildPhase section */

/* Begin XCBuildConfiguration section */
		9F769CB52A183E1D0053AD97 /* Debug */ = {
			isa = XCBuildConfiguration;
			buildSettings = {
				ALWAYS_SEARCH_USER_PATHS = NO;
				CLANG_ANALYZER_NONNULL = YES;
				CLANG_ANALYZER_NUMBER_OBJECT_CONVERSION = YES_AGGRESSIVE;
				CLANG_CXX_LANGUAGE_STANDARD = "gnu++20";
				CLANG_ENABLE_MODULES = YES;
				CLANG_ENABLE_OBJC_ARC = YES;
				CLANG_ENABLE_OBJC_WEAK = YES;
				CLANG_WARN_BLOCK_CAPTURE_AUTORELEASING = YES;
				CLANG_WARN_BOOL_CONVERSION = YES;
				CLANG_WARN_COMMA = YES;
				CLANG_WARN_CONSTANT_CONVERSION = YES;
				CLANG_WARN_DEPRECATED_OBJC_IMPLEMENTATIONS = YES;
				CLANG_WARN_DIRECT_OBJC_ISA_USAGE = YES_ERROR;
				CLANG_WARN_DOCUMENTATION_COMMENTS = YES;
				CLANG_WARN_EMPTY_BODY = YES;
				CLANG_WARN_ENUM_CONVERSION = YES;
				CLANG_WARN_INFINITE_RECURSION = YES;
				CLANG_WARN_INT_CONVERSION = YES;
				CLANG_WARN_NON_LITERAL_NULL_CONVERSION = YES;
				CLANG_WARN_OBJC_IMPLICIT_RETAIN_SELF = YES;
				CLANG_WARN_OBJC_LITERAL_CONVERSION = YES;
				CLANG_WARN_OBJC_ROOT_CLASS = YES_ERROR;
				CLANG_WARN_QUOTED_INCLUDE_IN_FRAMEWORK_HEADER = YES;
				CLANG_WARN_RANGE_LOOP_ANALYSIS = YES;
				CLANG_WARN_STRICT_PROTOTYPES = YES;
				CLANG_WARN_SUSPICIOUS_MOVE = YES;
				CLANG_WARN_UNGUARDED_AVAILABILITY = YES_AGGRESSIVE;
				CLANG_WARN_UNREACHABLE_CODE = YES;
				CLANG_WARN__DUPLICATE_METHOD_MATCH = YES;
				COPY_PHASE_STRIP = NO;
				DEBUG_INFORMATION_FORMAT = dwarf;
				ENABLE_STRICT_OBJC_MSGSEND = YES;
				ENABLE_TESTABILITY = YES;
				GCC_C_LANGUAGE_STANDARD = gnu11;
				GCC_DYNAMIC_NO_PIC = NO;
				GCC_NO_COMMON_BLOCKS = YES;
				GCC_OPTIMIZATION_LEVEL = 0;
				GCC_PREPROCESSOR_DEFINITIONS = (
					"DEBUG=1",
					"$(inherited)",
				);
				GCC_WARN_64_TO_32_BIT_CONVERSION = YES;
				GCC_WARN_ABOUT_RETURN_TYPE = YES_ERROR;
				GCC_WARN_UNDECLARED_SELECTOR = YES;
				GCC_WARN_UNINITIALIZED_AUTOS = YES_AGGRESSIVE;
				GCC_WARN_UNUSED_FUNCTION = YES;
				GCC_WARN_UNUSED_VARIABLE = YES;
				IPHONEOS_DEPLOYMENT_TARGET = 16.4;
				MTL_ENABLE_DEBUG_INFO = INCLUDE_SOURCE;
				MTL_FAST_MATH = YES;
				ONLY_ACTIVE_ARCH = YES;
				SDKROOT = iphoneos;
				SWIFT_ACTIVE_COMPILATION_CONDITIONS = DEBUG;
				SWIFT_OPTIMIZATION_LEVEL = "-Onone";
			};
			name = Debug;
		};
		9F769CB62A183E1D0053AD97 /* Release */ = {
			isa = XCBuildConfiguration;
			buildSettings = {
				ALWAYS_SEARCH_USER_PATHS = NO;
				CLANG_ANALYZER_NONNULL = YES;
				CLANG_ANALYZER_NUMBER_OBJECT_CONVERSION = YES_AGGRESSIVE;
				CLANG_CXX_LANGUAGE_STANDARD = "gnu++20";
				CLANG_ENABLE_MODULES = YES;
				CLANG_ENABLE_OBJC_ARC = YES;
				CLANG_ENABLE_OBJC_WEAK = YES;
				CLANG_WARN_BLOCK_CAPTURE_AUTORELEASING = YES;
				CLANG_WARN_BOOL_CONVERSION = YES;
				CLANG_WARN_COMMA = YES;
				CLANG_WARN_CONSTANT_CONVERSION = YES;
				CLANG_WARN_DEPRECATED_OBJC_IMPLEMENTATIONS = YES;
				CLANG_WARN_DIRECT_OBJC_ISA_USAGE = YES_ERROR;
				CLANG_WARN_DOCUMENTATION_COMMENTS = YES;
				CLANG_WARN_EMPTY_BODY = YES;
				CLANG_WARN_ENUM_CONVERSION = YES;
				CLANG_WARN_INFINITE_RECURSION = YES;
				CLANG_WARN_INT_CONVERSION = YES;
				CLANG_WARN_NON_LITERAL_NULL_CONVERSION = YES;
				CLANG_WARN_OBJC_IMPLICIT_RETAIN_SELF = YES;
				CLANG_WARN_OBJC_LITERAL_CONVERSION = YES;
				CLANG_WARN_OBJC_ROOT_CLASS = YES_ERROR;
				CLANG_WARN_QUOTED_INCLUDE_IN_FRAMEWORK_HEADER = YES;
				CLANG_WARN_RANGE_LOOP_ANALYSIS = YES;
				CLANG_WARN_STRICT_PROTOTYPES = YES;
				CLANG_WARN_SUSPICIOUS_MOVE = YES;
				CLANG_WARN_UNGUARDED_AVAILABILITY = YES_AGGRESSIVE;
				CLANG_WARN_UNREACHABLE_CODE = YES;
				CLANG_WARN__DUPLICATE_METHOD_MATCH = YES;
				COPY_PHASE_STRIP = NO;
				DEBUG_INFORMATION_FORMAT = "dwarf-with-dsym";
				ENABLE_NS_ASSERTIONS = NO;
				ENABLE_STRICT_OBJC_MSGSEND = YES;
				GCC_C_LANGUAGE_STANDARD = gnu11;
				GCC_NO_COMMON_BLOCKS = YES;
				GCC_WARN_64_TO_32_BIT_CONVERSION = YES;
				GCC_WARN_ABOUT_RETURN_TYPE = YES_ERROR;
				GCC_WARN_UNDECLARED_SELECTOR = YES;
				GCC_WARN_UNINITIALIZED_AUTOS = YES_AGGRESSIVE;
				GCC_WARN_UNUSED_FUNCTION = YES;
				GCC_WARN_UNUSED_VARIABLE = YES;
				IPHONEOS_DEPLOYMENT_TARGET = 16.4;
				MTL_ENABLE_DEBUG_INFO = NO;
				MTL_FAST_MATH = YES;
				SDKROOT = iphoneos;
				SWIFT_COMPILATION_MODE = wholemodule;
				SWIFT_OPTIMIZATION_LEVEL = "-O";
				VALIDATE_PRODUCT = YES;
			};
			name = Release;
		};
		9F769CB82A183E1D0053AD97 /* Debug */ = {
			isa = XCBuildConfiguration;
			buildSettings = {
				ASSETCATALOG_COMPILER_APPICON_NAME = AppIcon;
				ASSETCATALOG_COMPILER_GLOBAL_ACCENT_COLOR_NAME = AccentColor;
				CODE_SIGN_STYLE = Automatic;
				CURRENT_PROJECT_VERSION = 1;
				DEVELOPMENT_ASSET_PATHS = "\"VisionTest/Preview Content\"";
				DEVELOPMENT_TEAM = GMMGZ4UUAF;
				ENABLE_PREVIEWS = YES;
				GENERATE_INFOPLIST_FILE = YES;
				INFOPLIST_FILE = VisionTest/Info.plist;
				INFOPLIST_KEY_NSCameraUsageDescription = "The app needs camera access to scan text";
				INFOPLIST_KEY_UIApplicationSceneManifest_Generation = YES;
				INFOPLIST_KEY_UIApplicationSupportsIndirectInputEvents = YES;
				INFOPLIST_KEY_UILaunchScreen_Generation = YES;
				INFOPLIST_KEY_UISupportedInterfaceOrientations_iPad = "UIInterfaceOrientationPortrait UIInterfaceOrientationPortraitUpsideDown UIInterfaceOrientationLandscapeLeft UIInterfaceOrientationLandscapeRight";
				INFOPLIST_KEY_UISupportedInterfaceOrientations_iPhone = "UIInterfaceOrientationPortrait UIInterfaceOrientationLandscapeLeft UIInterfaceOrientationLandscapeRight";
				IPHONEOS_DEPLOYMENT_TARGET = 16.0;
				LD_RUNPATH_SEARCH_PATHS = (
					"$(inherited)",
					"@executable_path/Frameworks",
				);
				MARKETING_VERSION = 1.0;
				PRODUCT_BUNDLE_IDENTIFIER = zach.farmer.VisionTest;
				PRODUCT_NAME = "$(TARGET_NAME)";
				SWIFT_EMIT_LOC_STRINGS = YES;
				SWIFT_VERSION = 5.0;
				TARGETED_DEVICE_FAMILY = "1,2";
			};
			name = Debug;
		};
		9F769CB92A183E1D0053AD97 /* Release */ = {
			isa = XCBuildConfiguration;
			buildSettings = {
				ASSETCATALOG_COMPILER_APPICON_NAME = AppIcon;
				ASSETCATALOG_COMPILER_GLOBAL_ACCENT_COLOR_NAME = AccentColor;
				CODE_SIGN_STYLE = Automatic;
				CURRENT_PROJECT_VERSION = 1;
				DEVELOPMENT_ASSET_PATHS = "\"VisionTest/Preview Content\"";
				DEVELOPMENT_TEAM = GMMGZ4UUAF;
				ENABLE_PREVIEWS = YES;
				GENERATE_INFOPLIST_FILE = YES;
				INFOPLIST_FILE = VisionTest/Info.plist;
				INFOPLIST_KEY_NSCameraUsageDescription = "The app needs camera access to scan text";
				INFOPLIST_KEY_UIApplicationSceneManifest_Generation = YES;
				INFOPLIST_KEY_UIApplicationSupportsIndirectInputEvents = YES;
				INFOPLIST_KEY_UILaunchScreen_Generation = YES;
				INFOPLIST_KEY_UISupportedInterfaceOrientations_iPad = "UIInterfaceOrientationPortrait UIInterfaceOrientationPortraitUpsideDown UIInterfaceOrientationLandscapeLeft UIInterfaceOrientationLandscapeRight";
				INFOPLIST_KEY_UISupportedInterfaceOrientations_iPhone = "UIInterfaceOrientationPortrait UIInterfaceOrientationLandscapeLeft UIInterfaceOrientationLandscapeRight";
				IPHONEOS_DEPLOYMENT_TARGET = 16.0;
				LD_RUNPATH_SEARCH_PATHS = (
					"$(inherited)",
					"@executable_path/Frameworks",
				);
				MARKETING_VERSION = 1.0;
				PRODUCT_BUNDLE_IDENTIFIER = zach.farmer.VisionTest;
				PRODUCT_NAME = "$(TARGET_NAME)";
				SWIFT_EMIT_LOC_STRINGS = YES;
				SWIFT_VERSION = 5.0;
				TARGETED_DEVICE_FAMILY = "1,2";
			};
			name = Release;
		};
/* End XCBuildConfiguration section */

/* Begin XCConfigurationList section */
		9F769CA42A183E1B0053AD97 /* Build configuration list for PBXProject "VisionTest" */ = {
			isa = XCConfigurationList;
			buildConfigurations = (
				9F769CB52A183E1D0053AD97 /* Debug */,
				9F769CB62A183E1D0053AD97 /* Release */,
			);
			defaultConfigurationIsVisible = 0;
			defaultConfigurationName = Release;
		};
		9F769CB72A183E1D0053AD97 /* Build configuration list for PBXNativeTarget "VisionTest" */ = {
			isa = XCConfigurationList;
			buildConfigurations = (
				9F769CB82A183E1D0053AD97 /* Debug */,
				9F769CB92A183E1D0053AD97 /* Release */,
			);
			defaultConfigurationIsVisible = 0;
			defaultConfigurationName = Release;
		};
/* End XCConfigurationList section */
	};
	rootObject = 9F769CA12A183E1B0053AD97 /* Project object */;
}
